
Microsoft Visual Studio Solution File, Format Version 12.00
# Visual Studio 14
VisualStudioVersion = 14.0.25420.1
MinimumVisualStudioVersion = 10.0.40219.1
Project("{FAE04EC0-301F-11D3-BF4B-00C04F79EFBC}") = "Litery", "Litery\Litery.csproj", "{F0A752A8-01E8-47A6-A7DC-DA4B71CD618E}"
EndProject
Project("{2150E333-8FDC-42A3-9474-1A3956D46DE8}") = "Solution Items", "Solution Items", "{0FB3EA7F-DBFF-4CF1-AE12-30B85FF285DA}"
	ProjectSection(SolutionItems) = preProject
		WebEssentials2015-Settings.json = WebEssentials2015-Settings.json
	EndProjectSection
EndProject
Global
	GlobalSection(SolutionConfigurationPlatforms) = preSolution
		Debug|Any CPU = Debug|Any CPU
		Release|Any CPU = Release|Any CPU
	EndGlobalSection
	GlobalSection(ProjectConfigurationPlatforms) = postSolution
		{F0A752A8-01E8-47A6-A7DC-DA4B71CD618E}.Debug|Any CPU.ActiveCfg = Debug|Any CPU
		{F0A752A8-01E8-47A6-A7DC-DA4B71CD618E}.Debug|Any CPU.Build.0 = Debug|Any CPU
		{F0A752A8-01E8-47A6-A7DC-DA4B71CD618E}.Release|Any CPU.ActiveCfg = Release|Any CPU
		{F0A752A8-01E8-47A6-A7DC-DA4B71CD618E}.Release|Any CPU.Build.0 = Release|Any CPU
	EndGlobalSection
	GlobalSection(SolutionProperties) = preSolution
		HideSolutionNode = FALSE
	EndGlobalSection
EndGlobal
